numpy==2.2.6 \
    --hash=sha256:1bc23a79bfabc5d056d106f9befb8d50c31ced2fbc70eedb8155aec74a45798f
opencv-python-headless==4.12.0.88 \
    --hash=sha256:236c8df54a90f4d02076e6f9c1cc763d794542e886c576a6fee46ec8ff75a7a9
Pillow==12.2.0 \
    --hash=sha256:03f6fab9219220f041c74aeaa2939ff0062bd5c364ba9ce037197f4c6d498cd9
rawpy==0.27.0 \
    --hash=sha256:45b1b08a8d6fdc0139fea4c1389c17cb6f3d01b0581e71eef1337949a486550c
tifffile==2024.8.30 \
    --hash=sha256:8bc59a8f02a2665cd50a910ec64961c5373bee0b8850ec89d3b7b485bf7be7ad
